
Microsoft Visual Studio Solution File, Format Version 12.00
# Visual Studio Version 17
VisualStudioVersion = 17.5.002.0
MinimumVisualStudioVersion = 10.0.40219.1
Project("{9A19103F-16F7-4668-BE54-9A1E7A4F7556}") = "Blog", "Blog.csproj", "{7C1E6D88-5E1C-4AF1-BEF1-968D1621B95B}"
EndProject
Global
	GlobalSection(SolutionConfigurationPlatforms) = preSolution
		Debug|Any CPU = Debug|Any CPU
		Release|Any CPU = Release|Any CPU
	EndGlobalSection
	GlobalSection(ProjectConfigurationPlatforms) = postSolution
		{7C1E6D88-5E1C-4AF1-BEF1-968D1621B95B}.Debug|Any CPU.ActiveCfg = Debug|Any CPU
		{7C1E6D88-5E1C-4AF1-BEF1-968D1621B95B}.Debug|Any CPU.Build.0 = Debug|Any CPU
		{7C1E6D88-5E1C-4AF1-BEF1-968D1621B95B}.Release|Any CPU.ActiveCfg = Release|Any CPU
		{7C1E6D88-5E1C-4AF1-BEF1-968D1621B95B}.Release|Any CPU.Build.0 = Release|Any CPU
	EndGlobalSection
	GlobalSection(SolutionProperties) = preSolution
		HideSolutionNode = FALSE
	EndGlobalSection
	GlobalSection(ExtensibilityGlobals) = postSolution
		SolutionGuid = {58206F8F-9B9B-44EF-B22B-BF8D82D60F69}
	EndGlobalSection
EndGlobal
