
Microsoft Visual Studio Solution File, Format Version 12.00
# Visual Studio Version 17
VisualStudioVersion = 17.5.002.0
MinimumVisualStudioVersion = 10.0.40219.1
Project("{9A19103F-16F7-4668-BE54-9A1E7A4F7556}") = "Parte 1", "Parte 1.csproj", "{0AB29F16-515F-4586-AF91-BE794B2EDC41}"
EndProject
Global
	GlobalSection(SolutionConfigurationPlatforms) = preSolution
		Debug|Any CPU = Debug|Any CPU
		Release|Any CPU = Release|Any CPU
	EndGlobalSection
	GlobalSection(ProjectConfigurationPlatforms) = postSolution
		{0AB29F16-515F-4586-AF91-BE794B2EDC41}.Debug|Any CPU.ActiveCfg = Debug|Any CPU
		{0AB29F16-515F-4586-AF91-BE794B2EDC41}.Debug|Any CPU.Build.0 = Debug|Any CPU
		{0AB29F16-515F-4586-AF91-BE794B2EDC41}.Release|Any CPU.ActiveCfg = Release|Any CPU
		{0AB29F16-515F-4586-AF91-BE794B2EDC41}.Release|Any CPU.Build.0 = Release|Any CPU
	EndGlobalSection
	GlobalSection(SolutionProperties) = preSolution
		HideSolutionNode = FALSE
	EndGlobalSection
	GlobalSection(ExtensibilityGlobals) = postSolution
		SolutionGuid = {39AAA92B-27F5-4060-A8FC-69656BF985E8}
	EndGlobalSection
EndGlobal
