
Microsoft Visual Studio Solution File, Format Version 12.00
# Visual Studio Version 17
VisualStudioVersion = 17.5.002.0
MinimumVisualStudioVersion = 10.0.40219.1
Project("{9A19103F-16F7-4668-BE54-9A1E7A4F7556}") = "Exeptions", "Exeptions.csproj", "{BDBC3A49-9FDB-4841-9083-A0255C07F061}"
EndProject
Global
	GlobalSection(SolutionConfigurationPlatforms) = preSolution
		Debug|Any CPU = Debug|Any CPU
		Release|Any CPU = Release|Any CPU
	EndGlobalSection
	GlobalSection(ProjectConfigurationPlatforms) = postSolution
		{BDBC3A49-9FDB-4841-9083-A0255C07F061}.Debug|Any CPU.ActiveCfg = Debug|Any CPU
		{BDBC3A49-9FDB-4841-9083-A0255C07F061}.Debug|Any CPU.Build.0 = Debug|Any CPU
		{BDBC3A49-9FDB-4841-9083-A0255C07F061}.Release|Any CPU.ActiveCfg = Release|Any CPU
		{BDBC3A49-9FDB-4841-9083-A0255C07F061}.Release|Any CPU.Build.0 = Release|Any CPU
	EndGlobalSection
	GlobalSection(SolutionProperties) = preSolution
		HideSolutionNode = FALSE
	EndGlobalSection
	GlobalSection(ExtensibilityGlobals) = postSolution
		SolutionGuid = {C284D8F7-DEED-4039-96F6-998F03991A4F}
	EndGlobalSection
EndGlobal
