
Microsoft Visual Studio Solution File, Format Version 12.00
# Visual Studio Version 17
VisualStudioVersion = 17.5.002.0
MinimumVisualStudioVersion = 10.0.40219.1
Project("{9A19103F-16F7-4668-BE54-9A1E7A4F7556}") = "DapperCrud", "DapperCrud.csproj", "{44DBBCED-F6F7-472A-AD88-E0C47A7F4CFA}"
EndProject
Global
	GlobalSection(SolutionConfigurationPlatforms) = preSolution
		Debug|Any CPU = Debug|Any CPU
		Release|Any CPU = Release|Any CPU
	EndGlobalSection
	GlobalSection(ProjectConfigurationPlatforms) = postSolution
		{44DBBCED-F6F7-472A-AD88-E0C47A7F4CFA}.Debug|Any CPU.ActiveCfg = Debug|Any CPU
		{44DBBCED-F6F7-472A-AD88-E0C47A7F4CFA}.Debug|Any CPU.Build.0 = Debug|Any CPU
		{44DBBCED-F6F7-472A-AD88-E0C47A7F4CFA}.Release|Any CPU.ActiveCfg = Release|Any CPU
		{44DBBCED-F6F7-472A-AD88-E0C47A7F4CFA}.Release|Any CPU.Build.0 = Release|Any CPU
	EndGlobalSection
	GlobalSection(SolutionProperties) = preSolution
		HideSolutionNode = FALSE
	EndGlobalSection
	GlobalSection(ExtensibilityGlobals) = postSolution
		SolutionGuid = {5E29F82C-5167-494C-BA73-E04B5C260F96}
	EndGlobalSection
EndGlobal
